
Microsoft Visual Studio Solution File, Format Version 12.00
# Visual Studio 2012
Project("{FAE04EC0-301F-11D3-BF4B-00C04F79EFBC}") = "liste kutusu", "liste kutusu\liste kutusu.csproj", "{283DC045-471F-40D3-824A-0C1F1A51A584}"
EndProject
Global
	GlobalSection(SolutionConfigurationPlatforms) = preSolution
		Debug|Any CPU = Debug|Any CPU
		Release|Any CPU = Release|Any CPU
	EndGlobalSection
	GlobalSection(ProjectConfigurationPlatforms) = postSolution
		{283DC045-471F-40D3-824A-0C1F1A51A584}.Debug|Any CPU.ActiveCfg = Debug|Any CPU
		{283DC045-471F-40D3-824A-0C1F1A51A584}.Debug|Any CPU.Build.0 = Debug|Any CPU
		{283DC045-471F-40D3-824A-0C1F1A51A584}.Release|Any CPU.ActiveCfg = Release|Any CPU
		{283DC045-471F-40D3-824A-0C1F1A51A584}.Release|Any CPU.Build.0 = Release|Any CPU
	EndGlobalSection
	GlobalSection(SolutionProperties) = preSolution
		HideSolutionNode = FALSE
	EndGlobalSection
EndGlobal
