
Microsoft Visual Studio Solution File, Format Version 12.00
# Visual Studio 2012
Project("{FAE04EC0-301F-11D3-BF4B-00C04F79EFBC}") = "Goster_Gizle", "Goster_Gizle\Goster_Gizle.csproj", "{97D24FF0-0DFB-4B50-9147-83A52DEC2F2F}"
EndProject
Global
	GlobalSection(SolutionConfigurationPlatforms) = preSolution
		Debug|Any CPU = Debug|Any CPU
		Release|Any CPU = Release|Any CPU
	EndGlobalSection
	GlobalSection(ProjectConfigurationPlatforms) = postSolution
		{97D24FF0-0DFB-4B50-9147-83A52DEC2F2F}.Debug|Any CPU.ActiveCfg = Debug|Any CPU
		{97D24FF0-0DFB-4B50-9147-83A52DEC2F2F}.Debug|Any CPU.Build.0 = Debug|Any CPU
		{97D24FF0-0DFB-4B50-9147-83A52DEC2F2F}.Release|Any CPU.ActiveCfg = Release|Any CPU
		{97D24FF0-0DFB-4B50-9147-83A52DEC2F2F}.Release|Any CPU.Build.0 = Release|Any CPU
	EndGlobalSection
	GlobalSection(SolutionProperties) = preSolution
		HideSolutionNode = FALSE
	EndGlobalSection
EndGlobal
